// !$*UTF8*$!
{
	archiveVersion = 1;
	classes = {
	};
	objectVersion = 46;
	objects = {

/* Begin PBXBuildFile section */
		44F4DCB01D9265D70056FC58 /* main.m in Sources */ = {isa = PBXBuildFile; fileRef = 44F4DCAF1D9265D70056FC58 /* main.m */; };
		44F4DCB31D9265D70056FC58 /* AppDelegate.m in Sources */ = {isa = PBXBuildFile; fileRef = 44F4DCB21D9265D70056FC58 /* AppDelegate.m */; };
		44F4DCB61D9265D70056FC58 /* ViewController.m in Sources */ = {isa = PBXBuildFile; fileRef = 44F4DCB51D9265D70056FC58 /* ViewController.m */; };
		44F4DCB91D9265D70056FC58 /* Main.storyboard in Resources */ = {isa = PBXBuildFile; fileRef = 44F4DCB71D9265D70056FC58 /* Main.storyboard */; };
		44F4DCBB1D9265D70056FC58 /* Assets.xcassets in Resources */ = {isa = PBXBuildFile; fileRef = 44F4DCBA1D9265D70056FC58 /* Assets.xcassets */; };
		44F4DCBE1D9265D70056FC58 /* LaunchScreen.storyboard in Resources */ = {isa = PBXBuildFile; fileRef = 44F4DCBC1D9265D70056FC58 /* LaunchScreen.storyboard */; };
		44F4DCC91D9265D70056FC58 /* NumIntoHanziDemoTests.m in Sources */ = {isa = PBXBuildFile; fileRef = 44F4DCC81D9265D70056FC58 /* NumIntoHanziDemoTests.m */; };
		44F4DCD41D9265D70056FC58 /* NumIntoHanziDemoUITests.m in Sources */ = {isa = PBXBuildFile; fileRef = 44F4DCD31D9265D70056FC58 /* NumIntoHanziDemoUITests.m */; };
		44F4DCE41D92660F0056FC58 /* NSString+translation.m in Sources */ = {isa = PBXBuildFile; fileRef = 44F4DCE31D92660F0056FC58 /* NSString+translation.m */; };
/* End PBXBuildFile section */

/* Begin PBXContainerItemProxy section */
		44F4DCC51D9265D70056FC58 /* PBXContainerItemProxy */ = {
			isa = PBXContainerItemProxy;
			containerPortal = 44F4DCA31D9265D70056FC58 /* Project object */;
			proxyType = 1;
			remoteGlobalIDString = 44F4DCAA1D9265D70056FC58;
			remoteInfo = NumIntoHanziDemo;
		};
		44F4DCD01D9265D70056FC58 /* PBXContainerItemProxy */ = {
			isa = PBXContainerItemProxy;
			containerPortal = 44F4DCA31D9265D70056FC58 /* Project object */;
			proxyType = 1;
			remoteGlobalIDString = 44F4DCAA1D9265D70056FC58;
			remoteInfo = NumIntoHanziDemo;
		};
/* End PBXContainerItemProxy section */

/* Begin PBXFileReference section */
		44F4DCAB1D9265D70056FC58 /* NumIntoHanziDemo.app */ = {isa = PBXFileReference; explicitFileType = wrapper.application; includeInIndex = 0; path = NumIntoHanziDemo.app; sourceTree = BUILT_PRODUCTS_DIR; };
		44F4DCAF1D9265D70056FC58 /* main.m */ = {isa = PBXFileReference; lastKnownFileType = sourcecode.c.objc; path = main.m; sourceTree = "<group>"; };
		44F4DCB11D9265D70056FC58 /* AppDelegate.h */ = {isa = PBXFileReference; lastKnownFileType = sourcecode.c.h; path = AppDelegate.h; sourceTree = "<group>"; };
		44F4DCB21D9265D70056FC58 /* AppDelegate.m */ = {isa = PBXFileReference; lastKnownFileType = sourcecode.c.objc; path = AppDelegate.m; sourceTree = "<group>"; };
		44F4DCB41D9265D70056FC58 /* ViewController.h */ = {isa = PBXFileReference; lastKnownFileType = sourcecode.c.h; path = ViewController.h; sourceTree = "<group>"; };
		44F4DCB51D9265D70056FC58 /* ViewController.m */ = {isa = PBXFileReference; lastKnownFileType = sourcecode.c.objc; path = ViewController.m; sourceTree = "<group>"; };
		44F4DCB81D9265D70056FC58 /* Base */ = {isa = PBXFileReference; lastKnownFileType = file.storyboard; name = Base; path = Base.lproj/Main.storyboard; sourceTree = "<group>"; };
		44F4DCBA1D9265D70056FC58 /* Assets.xcassets */ = {isa = PBXFileReference; lastKnownFileType = folder.assetcatalog; path = Assets.xcassets; sourceTree = "<group>"; };
		44F4DCBD1D9265D70056FC58 /* Base */ = {isa = PBXFileReference; lastKnownFileType = file.storyboard; name = Base; path = Base.lproj/LaunchScreen.storyboard; sourceTree = "<group>"; };
		44F4DCBF1D9265D70056FC58 /* Info.plist */ = {isa = PBXFileReference; lastKnownFileType = text.plist.xml; path = Info.plist; sourceTree = "<group>"; };
		44F4DCC41D9265D70056FC58 /* NumIntoHanziDemoTests.xctest */ = {isa = PBXFileReference; explicitFileType = wrapper.cfbundle; includeInIndex = 0; path = NumIntoHanziDemoTests.xctest; sourceTree = BUILT_PRODUCTS_DIR; };
		44F4DCC81D9265D70056FC58 /* NumIntoHanziDemoTests.m */ = {isa = PBXFileReference; lastKnownFileType = sourcecode.c.objc; path = NumIntoHanziDemoTests.m; sourceTree = "<group>"; };
		44F4DCCA1D9265D70056FC58 /* Info.plist */ = {isa = PBXFileReference; lastKnownFileType = text.plist.xml; path = Info.plist; sourceTree = "<group>"; };
		44F4DCCF1D9265D70056FC58 /* NumIntoHanziDemoUITests.xctest */ = {isa = PBXFileReference; explicitFileType = wrapper.cfbundle; includeInIndex = 0; path = NumIntoHanziDemoUITests.xctest; sourceTree = BUILT_PRODUCTS_DIR; };
		44F4DCD31D9265D70056FC58 /* NumIntoHanziDemoUITests.m */ = {isa = PBXFileReference; lastKnownFileType = sourcecode.c.objc; path = NumIntoHanziDemoUITests.m; sourceTree = "<group>"; };
		44F4DCD51D9265D70056FC58 /* Info.plist */ = {isa = PBXFileReference; lastKnownFileType = text.plist.xml; path = Info.plist; sourceTree = "<group>"; };
		44F4DCE21D92660F0056FC58 /* NSString+translation.h */ = {isa = PBXFileReference; fileEncoding = 4; lastKnownFileType = sourcecode.c.h; path = "NSString+translation.h"; sourceTree = "<group>"; };
		44F4DCE31D92660F0056FC58 /* NSString+translation.m */ = {isa = PBXFileReference; fileEncoding = 4; lastKnownFileType = sourcecode.c.objc; path = "NSString+translation.m"; sourceTree = "<group>"; };
/* End PBXFileReference section */

/* Begin PBXFrameworksBuildPhase section */
		44F4DCA81D9265D70056FC58 /* Frameworks */ = {
			isa = PBXFrameworksBuildPhase;
			buildActionMask = 2147483647;
			files = (
			);
			runOnlyForDeploymentPostprocessing = 0;
		};
		44F4DCC11D9265D70056FC58 /* Frameworks */ = {
			isa = PBXFrameworksBuildPhase;
			buildActionMask = 2147483647;
			files = (
			);
			runOnlyForDeploymentPostprocessing = 0;
		};
		44F4DCCC1D9265D70056FC58 /* Frameworks */ = {
			isa = PBXFrameworksBuildPhase;
			buildActionMask = 2147483647;
			files = (
			);
			runOnlyForDeploymentPostprocessing = 0;
		};
/* End PBXFrameworksBuildPhase section */

/* Begin PBXGroup section */
		44F4DCA21D9265D70056FC58 = {
			isa = PBXGroup;
			children = (
				44F4DCAD1D9265D70056FC58 /* NumIntoHanziDemo */,
				44F4DCC71D9265D70056FC58 /* NumIntoHanziDemoTests */,
				44F4DCD21D9265D70056FC58 /* NumIntoHanziDemoUITests */,
				44F4DCAC1D9265D70056FC58 /* Products */,
			);
			sourceTree = "<group>";
		};
		44F4DCAC1D9265D70056FC58 /* Products */ = {
			isa = PBXGroup;
			children = (
				44F4DCAB1D9265D70056FC58 /* NumIntoHanziDemo.app */,
				44F4DCC41D9265D70056FC58 /* NumIntoHanziDemoTests.xctest */,
				44F4DCCF1D9265D70056FC58 /* NumIntoHanziDemoUITests.xctest */,
			);
			name = Products;
			sourceTree = "<group>";
		};
		44F4DCAD1D9265D70056FC58 /* NumIntoHanziDemo */ = {
			isa = PBXGroup;
			children = (
				44F4DCE11D92660F0056FC58 /* category */,
				44F4DCB11D9265D70056FC58 /* AppDelegate.h */,
				44F4DCB21D9265D70056FC58 /* AppDelegate.m */,
				44F4DCB41D9265D70056FC58 /* ViewController.h */,
				44F4DCB51D9265D70056FC58 /* ViewController.m */,
				44F4DCB71D9265D70056FC58 /* Main.storyboard */,
				44F4DCBA1D9265D70056FC58 /* Assets.xcassets */,
				44F4DCBC1D9265D70056FC58 /* LaunchScreen.storyboard */,
				44F4DCBF1D9265D70056FC58 /* Info.plist */,
				44F4DCAE1D9265D70056FC58 /* Supporting Files */,
			);
			path = NumIntoHanziDemo;
			sourceTree = "<group>";
		};
		44F4DCAE1D9265D70056FC58 /* Supporting Files */ = {
			isa = PBXGroup;
			children = (
				44F4DCAF1D9265D70056FC58 /* main.m */,
			);
			name = "Supporting Files";
			sourceTree = "<group>";
		};
		44F4DCC71D9265D70056FC58 /* NumIntoHanziDemoTests */ = {
			isa = PBXGroup;
			children = (
				44F4DCC81D9265D70056FC58 /* NumIntoHanziDemoTests.m */,
				44F4DCCA1D9265D70056FC58 /* Info.plist */,
			);
			path = NumIntoHanziDemoTests;
			sourceTree = "<group>";
		};
		44F4DCD21D9265D70056FC58 /* NumIntoHanziDemoUITests */ = {
			isa = PBXGroup;
			children = (
				44F4DCD31D9265D70056FC58 /* NumIntoHanziDemoUITests.m */,
				44F4DCD51D9265D70056FC58 /* Info.plist */,
			);
			path = NumIntoHanziDemoUITests;
			sourceTree = "<group>";
		};
		44F4DCE11D92660F0056FC58 /* category */ = {
			isa = PBXGroup;
			children = (
				44F4DCE21D92660F0056FC58 /* NSString+translation.h */,
				44F4DCE31D92660F0056FC58 /* NSString+translation.m */,
			);
			path = category;
			sourceTree = "<group>";
		};
/* End PBXGroup section */

/* Begin PBXNativeTarget section */
		44F4DCAA1D9265D70056FC58 /* NumIntoHanziDemo */ = {
			isa = PBXNativeTarget;
			buildConfigurationList = 44F4DCD81D9265D70056FC58 /* Build configuration list for PBXNativeTarget "NumIntoHanziDemo" */;
			buildPhases = (
				44F4DCA71D9265D70056FC58 /* Sources */,
				44F4DCA81D9265D70056FC58 /* Frameworks */,
				44F4DCA91D9265D70056FC58 /* Resources */,
			);
			buildRules = (
			);
			dependencies = (
			);
			name = NumIntoHanziDemo;
			productName = NumIntoHanziDemo;
			productReference = 44F4DCAB1D9265D70056FC58 /* NumIntoHanziDemo.app */;
			productType = "com.apple.product-type.application";
		};
		44F4DCC31D9265D70056FC58 /* NumIntoHanziDemoTests */ = {
			isa = PBXNativeTarget;
			buildConfigurationList = 44F4DCDB1D9265D70056FC58 /* Build configuration list for PBXNativeTarget "NumIntoHanziDemoTests" */;
			buildPhases = (
				44F4DCC01D9265D70056FC58 /* Sources */,
				44F4DCC11D9265D70056FC58 /* Frameworks */,
				44F4DCC21D9265D70056FC58 /* Resources */,
			);
			buildRules = (
			);
			dependencies = (
				44F4DCC61D9265D70056FC58 /* PBXTargetDependency */,
			);
			name = NumIntoHanziDemoTests;
			productName = NumIntoHanziDemoTests;
			productReference = 44F4DCC41D9265D70056FC58 /* NumIntoHanziDemoTests.xctest */;
			productType = "com.apple.product-type.bundle.unit-test";
		};
		44F4DCCE1D9265D70056FC58 /* NumIntoHanziDemoUITests */ = {
			isa = PBXNativeTarget;
			buildConfigurationList = 44F4DCDE1D9265D70056FC58 /* Build configuration list for PBXNativeTarget "NumIntoHanziDemoUITests" */;
			buildPhases = (
				44F4DCCB1D9265D70056FC58 /* Sources */,
				44F4DCCC1D9265D70056FC58 /* Frameworks */,
				44F4DCCD1D9265D70056FC58 /* Resources */,
			);
			buildRules = (
			);
			dependencies = (
				44F4DCD11D9265D70056FC58 /* PBXTargetDependency */,
			);
			name = NumIntoHanziDemoUITests;
			productName = NumIntoHanziDemoUITests;
			productReference = 44F4DCCF1D9265D70056FC58 /* NumIntoHanziDemoUITests.xctest */;
			productType = "com.apple.product-type.bundle.ui-testing";
		};
/* End PBXNativeTarget section */

/* Begin PBXProject section */
		44F4DCA31D9265D70056FC58 /* Project object */ = {
			isa = PBXProject;
			attributes = {
				LastUpgradeCheck = 0730;
				ORGANIZATIONNAME = sunhong;
				TargetAttributes = {
					44F4DCAA1D9265D70056FC58 = {
						CreatedOnToolsVersion = 7.3.1;
					};
					44F4DCC31D9265D70056FC58 = {
						CreatedOnToolsVersion = 7.3.1;
						TestTargetID = 44F4DCAA1D9265D70056FC58;
					};
					44F4DCCE1D9265D70056FC58 = {
						CreatedOnToolsVersion = 7.3.1;
						TestTargetID = 44F4DCAA1D9265D70056FC58;
					};
				};
			};
			buildConfigurationList = 44F4DCA61D9265D70056FC58 /* Build configuration list for PBXProject "NumIntoHanziDemo" */;
			compatibilityVersion = "Xcode 3.2";
			developmentRegion = English;
			hasScannedForEncodings = 0;
			knownRegions = (
				en,
				Base,
			);
			mainGroup = 44F4DCA21D9265D70056FC58;
			productRefGroup = 44F4DCAC1D9265D70056FC58 /* Products */;
			projectDirPath = "";
			projectRoot = "";
			targets = (
				44F4DCAA1D9265D70056FC58 /* NumIntoHanziDemo */,
				44F4DCC31D9265D70056FC58 /* NumIntoHanziDemoTests */,
				44F4DCCE1D9265D70056FC58 /* NumIntoHanziDemoUITests */,
			);
		};
/* End PBXProject section */

/* Begin PBXResourcesBuildPhase section */
		44F4DCA91D9265D70056FC58 /* Resources */ = {
			isa = PBXResourcesBuildPhase;
			buildActionMask = 2147483647;
			files = (
				44F4DCBE1D9265D70056FC58 /* LaunchScreen.storyboard in Resources */,
				44F4DCBB1D9265D70056FC58 /* Assets.xcassets in Resources */,
				44F4DCB91D9265D70056FC58 /* Main.storyboard in Resources */,
			);
			runOnlyForDeploymentPostprocessing = 0;
		};
		44F4DCC21D9265D70056FC58 /* Resources */ = {
			isa = PBXResourcesBuildPhase;
			buildActionMask = 2147483647;
			files = (
			);
			runOnlyForDeploymentPostprocessing = 0;
		};
		44F4DCCD1D9265D70056FC58 /* Resources */ = {
			isa = PBXResourcesBuildPhase;
			buildActionMask = 2147483647;
			files = (
			);
			runOnlyForDeploymentPostprocessing = 0;
		};
/* End PBXResourcesBuildPhase section */

/* Begin PBXSourcesBuildPhase section */
		44F4DCA71D9265D70056FC58 /* Sources */ = {
			isa = PBXSourcesBuildPhase;
			buildActionMask = 2147483647;
			files = (
				44F4DCB61D9265D70056FC58 /* ViewController.m in Sources */,
				44F4DCB31D9265D70056FC58 /* AppDelegate.m in Sources */,
				44F4DCB01D9265D70056FC58 /* main.m in Sources */,
				44F4DCE41D92660F0056FC58 /* NSString+translation.m in Sources */,
			);
			runOnlyForDeploymentPostprocessing = 0;
		};
		44F4DCC01D9265D70056FC58 /* Sources */ = {
			isa = PBXSourcesBuildPhase;
			buildActionMask = 2147483647;
			files = (
				44F4DCC91D9265D70056FC58 /* NumIntoHanziDemoTests.m in Sources */,
			);
			runOnlyForDeploymentPostprocessing = 0;
		};
		44F4DCCB1D9265D70056FC58 /* Sources */ = {
			isa = PBXSourcesBuildPhase;
			buildActionMask = 2147483647;
			files = (
				44F4DCD41D9265D70056FC58 /* NumIntoHanziDemoUITests.m in Sources */,
			);
			runOnlyForDeploymentPostprocessing = 0;
		};
/* End PBXSourcesBuildPhase section */

/* Begin PBXTargetDependency section */
		44F4DCC61D9265D70056FC58 /* PBXTargetDependency */ = {
			isa = PBXTargetDependency;
			target = 44F4DCAA1D9265D70056FC58 /* NumIntoHanziDemo */;
			targetProxy = 44F4DCC51D9265D70056FC58 /* PBXContainerItemProxy */;
		};
		44F4DCD11D9265D70056FC58 /* PBXTargetDependency */ = {
			isa = PBXTargetDependency;
			target = 44F4DCAA1D9265D70056FC58 /* NumIntoHanziDemo */;
			targetProxy = 44F4DCD01D9265D70056FC58 /* PBXContainerItemProxy */;
		};
/* End PBXTargetDependency section */

/* Begin PBXVariantGroup section */
		44F4DCB71D9265D70056FC58 /* Main.storyboard */ = {
			isa = PBXVariantGroup;
			children = (
				44F4DCB81D9265D70056FC58 /* Base */,
			);
			name = Main.storyboard;
			sourceTree = "<group>";
		};
		44F4DCBC1D9265D70056FC58 /* LaunchScreen.storyboard */ = {
			isa = PBXVariantGroup;
			children = (
				44F4DCBD1D9265D70056FC58 /* Base */,
			);
			name = LaunchScreen.storyboard;
			sourceTree = "<group>";
		};
/* End PBXVariantGroup section */

/* Begin XCBuildConfiguration section */
		44F4DCD61D9265D70056FC58 /* Debug */ = {
			isa = XCBuildConfiguration;
			buildSettings = {
				ALWAYS_SEARCH_USER_PATHS = NO;
				CLANG_ANALYZER_NONNULL = YES;
				CLANG_CXX_LANGUAGE_STANDARD = "gnu++0x";
				CLANG_CXX_LIBRARY = "libc++";
				CLANG_ENABLE_MODULES = YES;
				CLANG_ENABLE_OBJC_ARC = YES;
				CLANG_WARN_BOOL_CONVERSION = YES;
				CLANG_WARN_CONSTANT_CONVERSION = YES;
				CLANG_WARN_DIRECT_OBJC_ISA_USAGE = YES_ERROR;
				CLANG_WARN_EMPTY_BODY = YES;
				CLANG_WARN_ENUM_CONVERSION = YES;
				CLANG_WARN_INT_CONVERSION = YES;
				CLANG_WARN_OBJC_ROOT_CLASS = YES_ERROR;
				CLANG_WARN_UNREACHABLE_CODE = YES;
				CLANG_WARN__DUPLICATE_METHOD_MATCH = YES;
				"CODE_SIGN_IDENTITY[sdk=iphoneos*]" = "iPhone Developer";
				COPY_PHASE_STRIP = NO;
				DEBUG_INFORMATION_FORMAT = dwarf;
				ENABLE_STRICT_OBJC_MSGSEND = YES;
				ENABLE_TESTABILITY = YES;
				GCC_C_LANGUAGE_STANDARD = gnu99;
				GCC_DYNAMIC_NO_PIC = NO;
				GCC_NO_COMMON_BLOCKS = YES;
				GCC_OPTIMIZATION_LEVEL = 0;
				GCC_PREPROCESSOR_DEFINITIONS = (
					"DEBUG=1",
					"$(inherited)",
				);
				GCC_WARN_64_TO_32_BIT_CONVERSION = YES;
				GCC_WARN_ABOUT_RETURN_TYPE = YES_ERROR;
				GCC_WARN_UNDECLARED_SELECTOR = YES;
				GCC_WARN_UNINITIALIZED_AUTOS = YES_AGGRESSIVE;
				GCC_WARN_UNUSED_FUNCTION = YES;
				GCC_WARN_UNUSED_VARIABLE = YES;
				IPHONEOS_DEPLOYMENT_TARGET = 9.3;
				MTL_ENABLE_DEBUG_INFO = YES;
				ONLY_ACTIVE_ARCH = YES;
				SDKROOT = iphoneos;
			};
			name = Debug;
		};
		44F4DCD71D9265D70056FC58 /* Release */ = {
			isa = XCBuildConfiguration;
			buildSettings = {
				ALWAYS_SEARCH_USER_PATHS = NO;
				CLANG_ANALYZER_NONNULL = YES;
				CLANG_CXX_LANGUAGE_STANDARD = "gnu++0x";
				CLANG_CXX_LIBRARY = "libc++";
				CLANG_ENABLE_MODULES = YES;
				CLANG_ENABLE_OBJC_ARC = YES;
				CLANG_WARN_BOOL_CONVERSION = YES;
				CLANG_WARN_CONSTANT_CONVERSION = YES;
				CLANG_WARN_DIRECT_OBJC_ISA_USAGE = YES_ERROR;
				CLANG_WARN_EMPTY_BODY = YES;
				CLANG_WARN_ENUM_CONVERSION = YES;
				CLANG_WARN_INT_CONVERSION = YES;
				CLANG_WARN_OBJC_ROOT_CLASS = YES_ERROR;
				CLANG_WARN_UNREACHABLE_CODE = YES;
				CLANG_WARN__DUPLICATE_METHOD_MATCH = YES;
				"CODE_SIGN_IDENTITY[sdk=iphoneos*]" = "iPhone Developer";
				COPY_PHASE_STRIP = NO;
				DEBUG_INFORMATION_FORMAT = "dwarf-with-dsym";
				ENABLE_NS_ASSERTIONS = NO;
				ENABLE_STRICT_OBJC_MSGSEND = YES;
				GCC_C_LANGUAGE_STANDARD = gnu99;
				GCC_NO_COMMON_BLOCKS = YES;
				GCC_WARN_64_TO_32_BIT_CONVERSION = YES;
				GCC_WARN_ABOUT_RETURN_TYPE = YES_ERROR;
				GCC_WARN_UNDECLARED_SELECTOR = YES;
				GCC_WARN_UNINITIALIZED_AUTOS = YES_AGGRESSIVE;
				GCC_WARN_UNUSED_FUNCTION = YES;
				GCC_WARN_UNUSED_VARIABLE = YES;
				IPHONEOS_DEPLOYMENT_TARGET = 9.3;
				MTL_ENABLE_DEBUG_INFO = NO;
				SDKROOT = iphoneos;
				VALIDATE_PRODUCT = YES;
			};
			name = Release;
		};
		44F4DCD91D9265D70056FC58 /* Debug */ = {
			isa = XCBuildConfiguration;
			buildSettings = {
				ASSETCATALOG_COMPILER_APPICON_NAME = AppIcon;
				INFOPLIST_FILE = NumIntoHanziDemo/Info.plist;
				LD_RUNPATH_SEARCH_PATHS = "$(inherited) @executable_path/Frameworks";
				PRODUCT_BUNDLE_IDENTIFIER = sh.NumIntoHanziDemo;
				PRODUCT_NAME = "$(TARGET_NAME)";
			};
			name = Debug;
		};
		44F4DCDA1D9265D70056FC58 /* Release */ = {
			isa = XCBuildConfiguration;
			buildSettings = {
				ASSETCATALOG_COMPILER_APPICON_NAME = AppIcon;
				INFOPLIST_FILE = NumIntoHanziDemo/Info.plist;
				LD_RUNPATH_SEARCH_PATHS = "$(inherited) @executable_path/Frameworks";
				PRODUCT_BUNDLE_IDENTIFIER = sh.NumIntoHanziDemo;
				PRODUCT_NAME = "$(TARGET_NAME)";
			};
			name = Release;
		};
		44F4DCDC1D9265D70056FC58 /* Debug */ = {
			isa = XCBuildConfiguration;
			buildSettings = {
				BUNDLE_LOADER = "$(TEST_HOST)";
				INFOPLIST_FILE = NumIntoHanziDemoTests/Info.plist;
				LD_RUNPATH_SEARCH_PATHS = "$(inherited) @executable_path/Frameworks @loader_path/Frameworks";
				PRODUCT_BUNDLE_IDENTIFIER = sh.NumIntoHanziDemoTests;
				PRODUCT_NAME = "$(TARGET_NAME)";
				TEST_HOST = "$(BUILT_PRODUCTS_DIR)/NumIntoHanziDemo.app/NumIntoHanziDemo";
			};
			name = Debug;
		};
		44F4DCDD1D9265D70056FC58 /* Release */ = {
			isa = XCBuildConfiguration;
			buildSettings = {
				BUNDLE_LOADER = "$(TEST_HOST)";
				INFOPLIST_FILE = NumIntoHanziDemoTests/Info.plist;
				LD_RUNPATH_SEARCH_PATHS = "$(inherited) @executable_path/Frameworks @loader_path/Frameworks";
				PRODUCT_BUNDLE_IDENTIFIER = sh.NumIntoHanziDemoTests;
				PRODUCT_NAME = "$(TARGET_NAME)";
				TEST_HOST = "$(BUILT_PRODUCTS_DIR)/NumIntoHanziDemo.app/NumIntoHanziDemo";
			};
			name = Release;
		};
		44F4DCDF1D9265D70056FC58 /* Debug */ = {
			isa = XCBuildConfiguration;
			buildSettings = {
				INFOPLIST_FILE = NumIntoHanziDemoUITests/Info.plist;
				LD_RUNPATH_SEARCH_PATHS = "$(inherited) @executable_path/Frameworks @loader_path/Frameworks";
				PRODUCT_BUNDLE_IDENTIFIER = sh.NumIntoHanziDemoUITests;
				PRODUCT_NAME = "$(TARGET_NAME)";
				TEST_TARGET_NAME = NumIntoHanziDemo;
			};
			name = Debug;
		};
		44F4DCE01D9265D70056FC58 /* Release */ = {
			isa = XCBuildConfiguration;
			buildSettings = {
				INFOPLIST_FILE = NumIntoHanziDemoUITests/Info.plist;
				LD_RUNPATH_SEARCH_PATHS = "$(inherited) @executable_path/Frameworks @loader_path/Frameworks";
				PRODUCT_BUNDLE_IDENTIFIER = sh.NumIntoHanziDemoUITests;
				PRODUCT_NAME = "$(TARGET_NAME)";
				TEST_TARGET_NAME = NumIntoHanziDemo;
			};
			name = Release;
		};
/* End XCBuildConfiguration section */

/* Begin XCConfigurationList section */
		44F4DCA61D9265D70056FC58 /* Build configuration list for PBXProject "NumIntoHanziDemo" */ = {
			isa = XCConfigurationList;
			buildConfigurations = (
				44F4DCD61D9265D70056FC58 /* Debug */,
				44F4DCD71D9265D70056FC58 /* Release */,
			);
			defaultConfigurationIsVisible = 0;
			defaultConfigurationName = Release;
		};
		44F4DCD81D9265D70056FC58 /* Build configuration list for PBXNativeTarget "NumIntoHanziDemo" */ = {
			isa = XCConfigurationList;
			buildConfigurations = (
				44F4DCD91D9265D70056FC58 /* Debug */,
				44F4DCDA1D9265D70056FC58 /* Release */,
			);
			defaultConfigurationIsVisible = 0;
		};
		44F4DCDB1D9265D70056FC58 /* Build configuration list for PBXNativeTarget "NumIntoHanziDemoTests" */ = {
			isa = XCConfigurationList;
			buildConfigurations = (
				44F4DCDC1D9265D70056FC58 /* Debug */,
				44F4DCDD1D9265D70056FC58 /* Release */,
			);
			defaultConfigurationIsVisible = 0;
		};
		44F4DCDE1D9265D70056FC58 /* Build configuration list for PBXNativeTarget "NumIntoHanziDemoUITests" */ = {
			isa = XCConfigurationList;
			buildConfigurations = (
				44F4DCDF1D9265D70056FC58 /* Debug */,
				44F4DCE01D9265D70056FC58 /* Release */,
			);
			defaultConfigurationIsVisible = 0;
		};
/* End XCConfigurationList section */
	};
	rootObject = 44F4DCA31D9265D70056FC58 /* Project object */;
}
